
Microsoft Visual Studio Solution File, Format Version 12.00
# Visual Studio 15
VisualStudioVersion = 15.0.27703.2035
MinimumVisualStudioVersion = 10.0.40219.1
Project("{8BC9CEB8-8B4A-11D0-8D11-00A0C91BC942}") = "WindowsProject3", "WindowsProject3\WindowsProject3.vcxproj", "{C01E9C30-2D81-4DBD-899F-4E69BEE0EC09}"
EndProject
Global
	GlobalSection(SolutionConfigurationPlatforms) = preSolution
		Debug|x64 = Debug|x64
		Debug|x86 = Debug|x86
		Release|x64 = Release|x64
		Release|x86 = Release|x86
	EndGlobalSection
	GlobalSection(ProjectConfigurationPlatforms) = postSolution
		{C01E9C30-2D81-4DBD-899F-4E69BEE0EC09}.Debug|x64.ActiveCfg = Debug|x64
		{C01E9C30-2D81-4DBD-899F-4E69BEE0EC09}.Debug|x64.Build.0 = Debug|x64
		{C01E9C30-2D81-4DBD-899F-4E69BEE0EC09}.Debug|x86.ActiveCfg = Debug|Win32
		{C01E9C30-2D81-4DBD-899F-4E69BEE0EC09}.Debug|x86.Build.0 = Debug|Win32
		{C01E9C30-2D81-4DBD-899F-4E69BEE0EC09}.Release|x64.ActiveCfg = Release|x64
		{C01E9C30-2D81-4DBD-899F-4E69BEE0EC09}.Release|x64.Build.0 = Release|x64
		{C01E9C30-2D81-4DBD-899F-4E69BEE0EC09}.Release|x86.ActiveCfg = Release|Win32
		{C01E9C30-2D81-4DBD-899F-4E69BEE0EC09}.Release|x86.Build.0 = Release|Win32
	EndGlobalSection
	GlobalSection(SolutionProperties) = preSolution
		HideSolutionNode = FALSE
	EndGlobalSection
	GlobalSection(ExtensibilityGlobals) = postSolution
		SolutionGuid = {B6415A59-BB29-4035-AA2D-489135F87298}
	EndGlobalSection
EndGlobal
